// !$*UTF8*$!
{
	archiveVersion = 1;
	classes = {
	};
	objectVersion = 46;
	objects = {

/* Begin PBXBuildFile section */
		0ADDCC321F0386D8000F887F /* Vector-Sort.cpp in Sources */ = {isa = PBXBuildFile; fileRef = 0ADDCC311F0386D8000F887F /* Vector-Sort.cpp */; };
		0ADDCC341F047D1D000F887F /* Vector-Erase.cpp in Sources */ = {isa = PBXBuildFile; fileRef = 0ADDCC331F047D1D000F887F /* Vector-Erase.cpp */; };
		0ADDCC361F04A723000F887F /* Lower Bound-STL.cpp in Sources */ = {isa = PBXBuildFile; fileRef = 0ADDCC351F04A723000F887F /* Lower Bound-STL.cpp */; };
		0ADDCC381F0722E6000F887F /* Sets-STL.cpp in Sources */ = {isa = PBXBuildFile; fileRef = 0ADDCC371F0722E6000F887F /* Sets-STL.cpp */; };
		0ADDCC3A1F073469000F887F /* Maps-STL.cpp in Sources */ = {isa = PBXBuildFile; fileRef = 0ADDCC391F073469000F887F /* Maps-STL.cpp */; };
		0ADDCC3C1F09C96D000F887F /* Inheritance Introduction.cpp in Sources */ = {isa = PBXBuildFile; fileRef = 0ADDCC3B1F09C96D000F887F /* Inheritance Introduction.cpp */; };
		0ADDCC3E1F09E367000F887F /* Multi Level Inheritance.cpp in Sources */ = {isa = PBXBuildFile; fileRef = 0ADDCC3D1F09E367000F887F /* Multi Level Inheritance.cpp */; };
		0ADDCC401F09EE92000F887F /* Class Templates.cpp in Sources */ = {isa = PBXBuildFile; fileRef = 0ADDCC3F1F09EE92000F887F /* Class Templates.cpp */; };
		0ADDCC421F0A29A8000F887F /* Arrays DS.cpp in Sources */ = {isa = PBXBuildFile; fileRef = 0ADDCC411F0A29A8000F887F /* Arrays DS.cpp */; };
		0ADDCC441F0B79FE000F887F /* 2D Array.cpp in Sources */ = {isa = PBXBuildFile; fileRef = 0ADDCC431F0B79FE000F887F /* 2D Array.cpp */; };
		0ADDCC461F0B921D000F887F /* Virtual Functions.cpp in Sources */ = {isa = PBXBuildFile; fileRef = 0ADDCC451F0B921D000F887F /* Virtual Functions.cpp */; };
		0ADDCC481F0DC8E4000F887F /* Preprocessor Solution.cpp in Sources */ = {isa = PBXBuildFile; fileRef = 0ADDCC471F0DC8E4000F887F /* Preprocessor Solution.cpp */; };
		0ADDCC4A1F0DF88A000F887F /* Overload Operators.cpp in Sources */ = {isa = PBXBuildFile; fileRef = 0ADDCC491F0DF88A000F887F /* Overload Operators.cpp */; };
/* End PBXBuildFile section */

/* Begin PBXCopyFilesBuildPhase section */
		0ADDCC241F0381A0000F887F /* CopyFiles */ = {
			isa = PBXCopyFilesBuildPhase;
			buildActionMask = 2147483647;
			dstPath = /usr/share/man/man1/;
			dstSubfolderSpec = 0;
			files = (
			);
			runOnlyForDeploymentPostprocessing = 1;
		};
/* End PBXCopyFilesBuildPhase section */

/* Begin PBXFileReference section */
		0ADDCC261F0381A0000F887F /* HackerRank */ = {isa = PBXFileReference; explicitFileType = "compiled.mach-o.executable"; includeInIndex = 0; path = HackerRank; sourceTree = BUILT_PRODUCTS_DIR; };
		0ADDCC301F038691000F887F /* C++ */ = {isa = PBXFileReference; lastKnownFileType = folder; name = "C++"; path = "HackerRank/C++"; sourceTree = "<group>"; };
		0ADDCC311F0386D8000F887F /* Vector-Sort.cpp */ = {isa = PBXFileReference; fileEncoding = 4; lastKnownFileType = sourcecode.cpp.cpp; name = "Vector-Sort.cpp"; path = "HackerRank/C++/STL/Vector-Sort.cpp"; sourceTree = "<group>"; };
		0ADDCC331F047D1D000F887F /* Vector-Erase.cpp */ = {isa = PBXFileReference; fileEncoding = 4; lastKnownFileType = sourcecode.cpp.cpp; name = "Vector-Erase.cpp"; path = "HackerRank/C++/STL/Vector-Erase.cpp"; sourceTree = "<group>"; };
		0ADDCC351F04A723000F887F /* Lower Bound-STL.cpp */ = {isa = PBXFileReference; fileEncoding = 4; lastKnownFileType = sourcecode.cpp.cpp; name = "Lower Bound-STL.cpp"; path = "HackerRank/C++/STL/Lower Bound-STL.cpp"; sourceTree = "<group>"; };
		0ADDCC371F0722E6000F887F /* Sets-STL.cpp */ = {isa = PBXFileReference; fileEncoding = 4; lastKnownFileType = sourcecode.cpp.cpp; name = "Sets-STL.cpp"; path = "HackerRank/C++/STL/Sets-STL.cpp"; sourceTree = "<group>"; };
		0ADDCC391F073469000F887F /* Maps-STL.cpp */ = {isa = PBXFileReference; fileEncoding = 4; lastKnownFileType = sourcecode.cpp.cpp; name = "Maps-STL.cpp"; path = "HackerRank/C++/STL/Maps-STL.cpp"; sourceTree = "<group>"; };
		0ADDCC3B1F09C96D000F887F /* Inheritance Introduction.cpp */ = {isa = PBXFileReference; fileEncoding = 4; lastKnownFileType = sourcecode.cpp.cpp; name = "Inheritance Introduction.cpp"; path = "HackerRank/C++/Inheritance/Inheritance Introduction.cpp"; sourceTree = "<group>"; };
		0ADDCC3D1F09E367000F887F /* Multi Level Inheritance.cpp */ = {isa = PBXFileReference; fileEncoding = 4; lastKnownFileType = sourcecode.cpp.cpp; name = "Multi Level Inheritance.cpp"; path = "HackerRank/C++/Inheritance/Multi Level Inheritance.cpp"; sourceTree = "<group>"; };
		0ADDCC3F1F09EE92000F887F /* Class Templates.cpp */ = {isa = PBXFileReference; fileEncoding = 4; lastKnownFileType = sourcecode.cpp.cpp; name = "Class Templates.cpp"; path = "HackerRank/C++/Other Concepts/Class Templates.cpp"; sourceTree = "<group>"; };
		0ADDCC411F0A29A8000F887F /* Arrays DS.cpp */ = {isa = PBXFileReference; fileEncoding = 4; lastKnownFileType = sourcecode.cpp.cpp; name = "Arrays DS.cpp"; path = "HackerRank/Data Structures/Arrays DS.cpp"; sourceTree = "<group>"; };
		0ADDCC431F0B79FE000F887F /* 2D Array.cpp */ = {isa = PBXFileReference; fileEncoding = 4; lastKnownFileType = sourcecode.cpp.cpp; name = "2D Array.cpp"; path = "HackerRank/Data Structures/2D Array.cpp"; sourceTree = "<group>"; };
		0ADDCC451F0B921D000F887F /* Virtual Functions.cpp */ = {isa = PBXFileReference; fileEncoding = 4; lastKnownFileType = sourcecode.cpp.cpp; name = "Virtual Functions.cpp"; path = "HackerRank/C++/Introduction/Virtual Functions.cpp"; sourceTree = "<group>"; };
		0ADDCC471F0DC8E4000F887F /* Preprocessor Solution.cpp */ = {isa = PBXFileReference; fileEncoding = 4; lastKnownFileType = sourcecode.cpp.cpp; name = "Preprocessor Solution.cpp"; path = "HackerRank/C++/Other Concepts/Preprocessor Solution.cpp"; sourceTree = "<group>"; };
		0ADDCC491F0DF88A000F887F /* Overload Operators.cpp */ = {isa = PBXFileReference; fileEncoding = 4; lastKnownFileType = sourcecode.cpp.cpp; name = "Overload Operators.cpp"; path = "HackerRank/C++/Other Concepts/Overload Operators.cpp"; sourceTree = "<group>"; };
/* End PBXFileReference section */

/* Begin PBXFrameworksBuildPhase section */
		0ADDCC231F0381A0000F887F /* Frameworks */ = {
			isa = PBXFrameworksBuildPhase;
			buildActionMask = 2147483647;
			files = (
			);
			runOnlyForDeploymentPostprocessing = 0;
		};
/* End PBXFrameworksBuildPhase section */

/* Begin PBXGroup section */
		0ADDCC1D1F0381A0000F887F = {
			isa = PBXGroup;
			children = (
				0ADDCC351F04A723000F887F /* Lower Bound-STL.cpp */,
				0ADDCC371F0722E6000F887F /* Sets-STL.cpp */,
				0ADDCC391F073469000F887F /* Maps-STL.cpp */,
				0ADDCC3B1F09C96D000F887F /* Inheritance Introduction.cpp */,
				0ADDCC3D1F09E367000F887F /* Multi Level Inheritance.cpp */,
				0ADDCC3F1F09EE92000F887F /* Class Templates.cpp */,
				0ADDCC411F0A29A8000F887F /* Arrays DS.cpp */,
				0ADDCC431F0B79FE000F887F /* 2D Array.cpp */,
				0ADDCC451F0B921D000F887F /* Virtual Functions.cpp */,
				0ADDCC471F0DC8E4000F887F /* Preprocessor Solution.cpp */,
				0ADDCC491F0DF88A000F887F /* Overload Operators.cpp */,
				0ADDCC311F0386D8000F887F /* Vector-Sort.cpp */,
				0ADDCC331F047D1D000F887F /* Vector-Erase.cpp */,
				0ADDCC301F038691000F887F /* C++ */,
				0ADDCC281F0381A0000F887F /* HackerRank */,
				0ADDCC271F0381A0000F887F /* Products */,
			);
			sourceTree = "<group>";
		};
		0ADDCC271F0381A0000F887F /* Products */ = {
			isa = PBXGroup;
			children = (
				0ADDCC261F0381A0000F887F /* HackerRank */,
			);
			name = Products;
			sourceTree = "<group>";
		};
		0ADDCC281F0381A0000F887F /* HackerRank */ = {
			isa = PBXGroup;
			children = (
			);
			path = HackerRank;
			sourceTree = "<group>";
		};
/* End PBXGroup section */

/* Begin PBXNativeTarget section */
		0ADDCC251F0381A0000F887F /* HackerRank */ = {
			isa = PBXNativeTarget;
			buildConfigurationList = 0ADDCC2D1F0381A0000F887F /* Build configuration list for PBXNativeTarget "HackerRank" */;
			buildPhases = (
				0ADDCC221F0381A0000F887F /* Sources */,
				0ADDCC231F0381A0000F887F /* Frameworks */,
				0ADDCC241F0381A0000F887F /* CopyFiles */,
			);
			buildRules = (
			);
			dependencies = (
			);
			name = HackerRank;
			productName = HackerRank;
			productReference = 0ADDCC261F0381A0000F887F /* HackerRank */;
			productType = "com.apple.product-type.tool";
		};
/* End PBXNativeTarget section */

/* Begin PBXProject section */
		0ADDCC1E1F0381A0000F887F /* Project object */ = {
			isa = PBXProject;
			attributes = {
				LastUpgradeCheck = 0830;
				TargetAttributes = {
					0ADDCC251F0381A0000F887F = {
						CreatedOnToolsVersion = 8.3.3;
						ProvisioningStyle = Automatic;
					};
				};
			};
			buildConfigurationList = 0ADDCC211F0381A0000F887F /* Build configuration list for PBXProject "HackerRank" */;
			compatibilityVersion = "Xcode 3.2";
			developmentRegion = English;
			hasScannedForEncodings = 0;
			knownRegions = (
				en,
			);
			mainGroup = 0ADDCC1D1F0381A0000F887F;
			productRefGroup = 0ADDCC271F0381A0000F887F /* Products */;
			projectDirPath = "";
			projectRoot = "";
			targets = (
				0ADDCC251F0381A0000F887F /* HackerRank */,
			);
		};
/* End PBXProject section */

/* Begin PBXSourcesBuildPhase section */
		0ADDCC221F0381A0000F887F /* Sources */ = {
			isa = PBXSourcesBuildPhase;
			buildActionMask = 2147483647;
			files = (
				0ADDCC381F0722E6000F887F /* Sets-STL.cpp in Sources */,
				0ADDCC401F09EE92000F887F /* Class Templates.cpp in Sources */,
				0ADDCC481F0DC8E4000F887F /* Preprocessor Solution.cpp in Sources */,
				0ADDCC321F0386D8000F887F /* Vector-Sort.cpp in Sources */,
				0ADDCC3A1F073469000F887F /* Maps-STL.cpp in Sources */,
				0ADDCC441F0B79FE000F887F /* 2D Array.cpp in Sources */,
				0ADDCC421F0A29A8000F887F /* Arrays DS.cpp in Sources */,
				0ADDCC4A1F0DF88A000F887F /* Overload Operators.cpp in Sources */,
				0ADDCC3C1F09C96D000F887F /* Inheritance Introduction.cpp in Sources */,
				0ADDCC361F04A723000F887F /* Lower Bound-STL.cpp in Sources */,
				0ADDCC341F047D1D000F887F /* Vector-Erase.cpp in Sources */,
				0ADDCC3E1F09E367000F887F /* Multi Level Inheritance.cpp in Sources */,
				0ADDCC461F0B921D000F887F /* Virtual Functions.cpp in Sources */,
			);
			runOnlyForDeploymentPostprocessing = 0;
		};
/* End PBXSourcesBuildPhase section */

/* Begin XCBuildConfiguration section */
		0ADDCC2B1F0381A0000F887F /* Debug */ = {
			isa = XCBuildConfiguration;
			buildSettings = {
				ALWAYS_SEARCH_USER_PATHS = NO;
				CLANG_ANALYZER_NONNULL = YES;
				CLANG_ANALYZER_NUMBER_OBJECT_CONVERSION = YES_AGGRESSIVE;
				CLANG_CXX_LANGUAGE_STANDARD = "gnu++0x";
				CLANG_CXX_LIBRARY = "libc++";
				CLANG_ENABLE_MODULES = YES;
				CLANG_ENABLE_OBJC_ARC = YES;
				CLANG_WARN_BOOL_CONVERSION = YES;
				CLANG_WARN_CONSTANT_CONVERSION = YES;
				CLANG_WARN_DIRECT_OBJC_ISA_USAGE = YES_ERROR;
				CLANG_WARN_DOCUMENTATION_COMMENTS = YES;
				CLANG_WARN_EMPTY_BODY = YES;
				CLANG_WARN_ENUM_CONVERSION = YES;
				CLANG_WARN_INFINITE_RECURSION = YES;
				CLANG_WARN_INT_CONVERSION = YES;
				CLANG_WARN_OBJC_ROOT_CLASS = YES_ERROR;
				CLANG_WARN_SUSPICIOUS_MOVE = YES;
				CLANG_WARN_UNREACHABLE_CODE = YES;
				CLANG_WARN__DUPLICATE_METHOD_MATCH = YES;
				CODE_SIGN_IDENTITY = "-";
				COPY_PHASE_STRIP = NO;
				DEBUG_INFORMATION_FORMAT = dwarf;
				ENABLE_STRICT_OBJC_MSGSEND = YES;
				ENABLE_TESTABILITY = YES;
				GCC_C_LANGUAGE_STANDARD = gnu99;
				GCC_DYNAMIC_NO_PIC = NO;
				GCC_NO_COMMON_BLOCKS = YES;
				GCC_OPTIMIZATION_LEVEL = 0;
				GCC_PREPROCESSOR_DEFINITIONS = (
					"DEBUG=1",
					"$(inherited)",
				);
				GCC_WARN_64_TO_32_BIT_CONVERSION = YES;
				GCC_WARN_ABOUT_RETURN_TYPE = YES_ERROR;
				GCC_WARN_UNDECLARED_SELECTOR = YES;
				GCC_WARN_UNINITIALIZED_AUTOS = YES_AGGRESSIVE;
				GCC_WARN_UNUSED_FUNCTION = YES;
				GCC_WARN_UNUSED_VARIABLE = YES;
				MACOSX_DEPLOYMENT_TARGET = 10.12;
				MTL_ENABLE_DEBUG_INFO = YES;
				ONLY_ACTIVE_ARCH = YES;
				SDKROOT = macosx;
			};
			name = Debug;
		};
		0ADDCC2C1F0381A0000F887F /* Release */ = {
			isa = XCBuildConfiguration;
			buildSettings = {
				ALWAYS_SEARCH_USER_PATHS = NO;
				CLANG_ANALYZER_NONNULL = YES;
				CLANG_ANALYZER_NUMBER_OBJECT_CONVERSION = YES_AGGRESSIVE;
				CLANG_CXX_LANGUAGE_STANDARD = "gnu++0x";
				CLANG_CXX_LIBRARY = "libc++";
				CLANG_ENABLE_MODULES = YES;
				CLANG_ENABLE_OBJC_ARC = YES;
				CLANG_WARN_BOOL_CONVERSION = YES;
				CLANG_WARN_CONSTANT_CONVERSION = YES;
				CLANG_WARN_DIRECT_OBJC_ISA_USAGE = YES_ERROR;
				CLANG_WARN_DOCUMENTATION_COMMENTS = YES;
				CLANG_WARN_EMPTY_BODY = YES;
				CLANG_WARN_ENUM_CONVERSION = YES;
				CLANG_WARN_INFINITE_RECURSION = YES;
				CLANG_WARN_INT_CONVERSION = YES;
				CLANG_WARN_OBJC_ROOT_CLASS = YES_ERROR;
				CLANG_WARN_SUSPICIOUS_MOVE = YES;
				CLANG_WARN_UNREACHABLE_CODE = YES;
				CLANG_WARN__DUPLICATE_METHOD_MATCH = YES;
				CODE_SIGN_IDENTITY = "-";
				COPY_PHASE_STRIP = NO;
				DEBUG_INFORMATION_FORMAT = "dwarf-with-dsym";
				ENABLE_NS_ASSERTIONS = NO;
				ENABLE_STRICT_OBJC_MSGSEND = YES;
				GCC_C_LANGUAGE_STANDARD = gnu99;
				GCC_NO_COMMON_BLOCKS = YES;
				GCC_WARN_64_TO_32_BIT_CONVERSION = YES;
				GCC_WARN_ABOUT_RETURN_TYPE = YES_ERROR;
				GCC_WARN_UNDECLARED_SELECTOR = YES;
				GCC_WARN_UNINITIALIZED_AUTOS = YES_AGGRESSIVE;
				GCC_WARN_UNUSED_FUNCTION = YES;
				GCC_WARN_UNUSED_VARIABLE = YES;
				MACOSX_DEPLOYMENT_TARGET = 10.12;
				MTL_ENABLE_DEBUG_INFO = NO;
				SDKROOT = macosx;
			};
			name = Release;
		};
		0ADDCC2E1F0381A0000F887F /* Debug */ = {
			isa = XCBuildConfiguration;
			buildSettings = {
				PRODUCT_NAME = "$(TARGET_NAME)";
			};
			name = Debug;
		};
		0ADDCC2F1F0381A0000F887F /* Release */ = {
			isa = XCBuildConfiguration;
			buildSettings = {
				PRODUCT_NAME = "$(TARGET_NAME)";
			};
			name = Release;
		};
/* End XCBuildConfiguration section */

/* Begin XCConfigurationList section */
		0ADDCC211F0381A0000F887F /* Build configuration list for PBXProject "HackerRank" */ = {
			isa = XCConfigurationList;
			buildConfigurations = (
				0ADDCC2B1F0381A0000F887F /* Debug */,
				0ADDCC2C1F0381A0000F887F /* Release */,
			);
			defaultConfigurationIsVisible = 0;
			defaultConfigurationName = Release;
		};
		0ADDCC2D1F0381A0000F887F /* Build configuration list for PBXNativeTarget "HackerRank" */ = {
			isa = XCConfigurationList;
			buildConfigurations = (
				0ADDCC2E1F0381A0000F887F /* Debug */,
				0ADDCC2F1F0381A0000F887F /* Release */,
			);
			defaultConfigurationIsVisible = 0;
			defaultConfigurationName = Release;
		};
/* End XCConfigurationList section */
	};
	rootObject = 0ADDCC1E1F0381A0000F887F /* Project object */;
}
